
Microsoft Visual Studio Solution File, Format Version 12.00
# Visual Studio 2012
Project("{FAE04EC0-301F-11D3-BF4B-00C04F79EFBC}") = "Brierley.LoyaltyWare.LWMobileGateway", "Brierley.LoyaltyWare.LWMobileGateway.csproj", "{666A3C4B-4920-425D-A585-B801F1F6C740}"
EndProject
Project("{FAE04EC0-301F-11D3-BF4B-00C04F79EFBC}") = "Brierley.FrameWork", "..\..\Framework\Brierley.FrameWork\Brierley.FrameWork.csproj", "{78F0F5BD-ECDC-4CC1-A3F4-F916A2276B30}"
EndProject
Project("{FAE04EC0-301F-11D3-BF4B-00C04F79EFBC}") = "Brierley.WebFrameWork", "..\..\Framework\Brierley.WebFrameWork\Brierley.WebFrameWork.csproj", "{74C5E17A-E964-49CA-88C3-6E4163B6A77B}"
EndProject
Global
	GlobalSection(SolutionConfigurationPlatforms) = preSolution
		Debug|Any CPU = Debug|Any CPU
		Release|Any CPU = Release|Any CPU
	EndGlobalSection
	GlobalSection(ProjectConfigurationPlatforms) = postSolution
		{666A3C4B-4920-425D-A585-B801F1F6C740}.Debug|Any CPU.ActiveCfg = Debug|Any CPU
		{666A3C4B-4920-425D-A585-B801F1F6C740}.Debug|Any CPU.Build.0 = Debug|Any CPU
		{666A3C4B-4920-425D-A585-B801F1F6C740}.Release|Any CPU.ActiveCfg = Release|Any CPU
		{666A3C4B-4920-425D-A585-B801F1F6C740}.Release|Any CPU.Build.0 = Release|Any CPU
		{78F0F5BD-ECDC-4CC1-A3F4-F916A2276B30}.Debug|Any CPU.ActiveCfg = Debug|Any CPU
		{78F0F5BD-ECDC-4CC1-A3F4-F916A2276B30}.Debug|Any CPU.Build.0 = Debug|Any CPU
		{78F0F5BD-ECDC-4CC1-A3F4-F916A2276B30}.Release|Any CPU.ActiveCfg = Release|Any CPU
		{78F0F5BD-ECDC-4CC1-A3F4-F916A2276B30}.Release|Any CPU.Build.0 = Release|Any CPU
		{74C5E17A-E964-49CA-88C3-6E4163B6A77B}.Debug|Any CPU.ActiveCfg = Debug|Any CPU
		{74C5E17A-E964-49CA-88C3-6E4163B6A77B}.Debug|Any CPU.Build.0 = Debug|Any CPU
		{74C5E17A-E964-49CA-88C3-6E4163B6A77B}.Release|Any CPU.ActiveCfg = Release|Any CPU
		{74C5E17A-E964-49CA-88C3-6E4163B6A77B}.Release|Any CPU.Build.0 = Release|Any CPU
	EndGlobalSection
	GlobalSection(SolutionProperties) = preSolution
		HideSolutionNode = FALSE
	EndGlobalSection
EndGlobal
